// !$*UTF8*$!
{
	archiveVersion = 1;
	classes = {
	};
	objectVersion = 46;
	objects = {

/* Begin PBXBuildFile section */
		63839D10194791EE00312AFB /* Foundation.framework in Frameworks */ = {isa = PBXBuildFile; fileRef = 63839D0F194791EE00312AFB /* Foundation.framework */; };
		63839D12194791EE00312AFB /* CoreGraphics.framework in Frameworks */ = {isa = PBXBuildFile; fileRef = 63839D11194791EE00312AFB /* CoreGraphics.framework */; };
		63839D14194791EE00312AFB /* UIKit.framework in Frameworks */ = {isa = PBXBuildFile; fileRef = 63839D13194791EE00312AFB /* UIKit.framework */; };
		63839D1A194791EE00312AFB /* InfoPlist.strings in Resources */ = {isa = PBXBuildFile; fileRef = 63839D18194791EE00312AFB /* InfoPlist.strings */; };
		63839D1C194791EE00312AFB /* main.m in Sources */ = {isa = PBXBuildFile; fileRef = 63839D1B194791EE00312AFB /* main.m */; };
		63839D20194791EE00312AFB /* SBSAppDelegate.m in Sources */ = {isa = PBXBuildFile; fileRef = 63839D1F194791EE00312AFB /* SBSAppDelegate.m */; };
		63839D23194791EE00312AFB /* Main.storyboard in Resources */ = {isa = PBXBuildFile; fileRef = 63839D21194791EE00312AFB /* Main.storyboard */; };
		63839D26194791EE00312AFB /* SBSViewController.m in Sources */ = {isa = PBXBuildFile; fileRef = 63839D25194791EE00312AFB /* SBSViewController.m */; };
		63839D28194791EE00312AFB /* Images.xcassets in Resources */ = {isa = PBXBuildFile; fileRef = 63839D27194791EE00312AFB /* Images.xcassets */; };
		63839D2F194791EE00312AFB /* XCTest.framework in Frameworks */ = {isa = PBXBuildFile; fileRef = 63839D2E194791EE00312AFB /* XCTest.framework */; };
		63839D30194791EE00312AFB /* Foundation.framework in Frameworks */ = {isa = PBXBuildFile; fileRef = 63839D0F194791EE00312AFB /* Foundation.framework */; };
		63839D31194791EE00312AFB /* UIKit.framework in Frameworks */ = {isa = PBXBuildFile; fileRef = 63839D13194791EE00312AFB /* UIKit.framework */; };
		63839D39194791EE00312AFB /* InfoPlist.strings in Resources */ = {isa = PBXBuildFile; fileRef = 63839D37194791EE00312AFB /* InfoPlist.strings */; };
		63839D3B194791EE00312AFB /* WebbyTests.m in Sources */ = {isa = PBXBuildFile; fileRef = 63839D3A194791EE00312AFB /* WebbyTests.m */; };
/* End PBXBuildFile section */

/* Begin PBXContainerItemProxy section */
		63839D32194791EE00312AFB /* PBXContainerItemProxy */ = {
			isa = PBXContainerItemProxy;
			containerPortal = 63839D04194791EE00312AFB /* Project object */;
			proxyType = 1;
			remoteGlobalIDString = 63839D0B194791EE00312AFB;
			remoteInfo = Webby;
		};
/* End PBXContainerItemProxy section */

/* Begin PBXFileReference section */
		63839D0C194791EE00312AFB /* Webby.app */ = {isa = PBXFileReference; explicitFileType = wrapper.application; includeInIndex = 0; path = Webby.app; sourceTree = BUILT_PRODUCTS_DIR; };
		63839D0F194791EE00312AFB /* Foundation.framework */ = {isa = PBXFileReference; lastKnownFileType = wrapper.framework; name = Foundation.framework; path = System/Library/Frameworks/Foundation.framework; sourceTree = SDKROOT; };
		63839D11194791EE00312AFB /* CoreGraphics.framework */ = {isa = PBXFileReference; lastKnownFileType = wrapper.framework; name = CoreGraphics.framework; path = System/Library/Frameworks/CoreGraphics.framework; sourceTree = SDKROOT; };
		63839D13194791EE00312AFB /* UIKit.framework */ = {isa = PBXFileReference; lastKnownFileType = wrapper.framework; name = UIKit.framework; path = System/Library/Frameworks/UIKit.framework; sourceTree = SDKROOT; };
		63839D17194791EE00312AFB /* Webby-Info.plist */ = {isa = PBXFileReference; lastKnownFileType = text.plist.xml; path = "Webby-Info.plist"; sourceTree = "<group>"; };
		63839D19194791EE00312AFB /* en */ = {isa = PBXFileReference; lastKnownFileType = text.plist.strings; name = en; path = en.lproj/InfoPlist.strings; sourceTree = "<group>"; };
		63839D1B194791EE00312AFB /* main.m */ = {isa = PBXFileReference; lastKnownFileType = sourcecode.c.objc; path = main.m; sourceTree = "<group>"; };
		63839D1D194791EE00312AFB /* Webby-Prefix.pch */ = {isa = PBXFileReference; lastKnownFileType = sourcecode.c.h; path = "Webby-Prefix.pch"; sourceTree = "<group>"; };
		63839D1E194791EE00312AFB /* SBSAppDelegate.h */ = {isa = PBXFileReference; lastKnownFileType = sourcecode.c.h; path = SBSAppDelegate.h; sourceTree = "<group>"; };
		63839D1F194791EE00312AFB /* SBSAppDelegate.m */ = {isa = PBXFileReference; lastKnownFileType = sourcecode.c.objc; path = SBSAppDelegate.m; sourceTree = "<group>"; };
		63839D22194791EE00312AFB /* Base */ = {isa = PBXFileReference; lastKnownFileType = file.storyboard; name = Base; path = Base.lproj/Main.storyboard; sourceTree = "<group>"; };
		63839D24194791EE00312AFB /* SBSViewController.h */ = {isa = PBXFileReference; lastKnownFileType = sourcecode.c.h; path = SBSViewController.h; sourceTree = "<group>"; };
		63839D25194791EE00312AFB /* SBSViewController.m */ = {isa = PBXFileReference; lastKnownFileType = sourcecode.c.objc; path = SBSViewController.m; sourceTree = "<group>"; };
		63839D27194791EE00312AFB /* Images.xcassets */ = {isa = PBXFileReference; lastKnownFileType = folder.assetcatalog; path = Images.xcassets; sourceTree = "<group>"; };
		63839D2D194791EE00312AFB /* WebbyTests.xctest */ = {isa = PBXFileReference; explicitFileType = wrapper.cfbundle; includeInIndex = 0; path = WebbyTests.xctest; sourceTree = BUILT_PRODUCTS_DIR; };
		63839D2E194791EE00312AFB /* XCTest.framework */ = {isa = PBXFileReference; lastKnownFileType = wrapper.framework; name = XCTest.framework; path = Library/Frameworks/XCTest.framework; sourceTree = DEVELOPER_DIR; };
		63839D36194791EE00312AFB /* WebbyTests-Info.plist */ = {isa = PBXFileReference; lastKnownFileType = text.plist.xml; path = "WebbyTests-Info.plist"; sourceTree = "<group>"; };
		63839D38194791EE00312AFB /* en */ = {isa = PBXFileReference; lastKnownFileType = text.plist.strings; name = en; path = en.lproj/InfoPlist.strings; sourceTree = "<group>"; };
		63839D3A194791EE00312AFB /* WebbyTests.m */ = {isa = PBXFileReference; lastKnownFileType = sourcecode.c.objc; path = WebbyTests.m; sourceTree = "<group>"; };
/* End PBXFileReference section */

/* Begin PBXFrameworksBuildPhase section */
		63839D09194791EE00312AFB /* Frameworks */ = {
			isa = PBXFrameworksBuildPhase;
			buildActionMask = 2147483647;
			files = (
				63839D12194791EE00312AFB /* CoreGraphics.framework in Frameworks */,
				63839D14194791EE00312AFB /* UIKit.framework in Frameworks */,
				63839D10194791EE00312AFB /* Foundation.framework in Frameworks */,
			);
			runOnlyForDeploymentPostprocessing = 0;
		};
		63839D2A194791EE00312AFB /* Frameworks */ = {
			isa = PBXFrameworksBuildPhase;
			buildActionMask = 2147483647;
			files = (
				63839D2F194791EE00312AFB /* XCTest.framework in Frameworks */,
				63839D31194791EE00312AFB /* UIKit.framework in Frameworks */,
				63839D30194791EE00312AFB /* Foundation.framework in Frameworks */,
			);
			runOnlyForDeploymentPostprocessing = 0;
		};
/* End PBXFrameworksBuildPhase section */

/* Begin PBXGroup section */
		63839D03194791EE00312AFB = {
			isa = PBXGroup;
			children = (
				63839D15194791EE00312AFB /* Webby */,
				63839D34194791EE00312AFB /* WebbyTests */,
				63839D0E194791EE00312AFB /* Frameworks */,
				63839D0D194791EE00312AFB /* Products */,
			);
			sourceTree = "<group>";
		};
		63839D0D194791EE00312AFB /* Products */ = {
			isa = PBXGroup;
			children = (
				63839D0C194791EE00312AFB /* Webby.app */,
				63839D2D194791EE00312AFB /* WebbyTests.xctest */,
			);
			name = Products;
			sourceTree = "<group>";
		};
		63839D0E194791EE00312AFB /* Frameworks */ = {
			isa = PBXGroup;
			children = (
				63839D0F194791EE00312AFB /* Foundation.framework */,
				63839D11194791EE00312AFB /* CoreGraphics.framework */,
				63839D13194791EE00312AFB /* UIKit.framework */,
				63839D2E194791EE00312AFB /* XCTest.framework */,
			);
			name = Frameworks;
			sourceTree = "<group>";
		};
		63839D15194791EE00312AFB /* Webby */ = {
			isa = PBXGroup;
			children = (
				63839D1E194791EE00312AFB /* SBSAppDelegate.h */,
				63839D1F194791EE00312AFB /* SBSAppDelegate.m */,
				63839D21194791EE00312AFB /* Main.storyboard */,
				63839D24194791EE00312AFB /* SBSViewController.h */,
				63839D25194791EE00312AFB /* SBSViewController.m */,
				63839D27194791EE00312AFB /* Images.xcassets */,
				63839D16194791EE00312AFB /* Supporting Files */,
			);
			path = Webby;
			sourceTree = "<group>";
		};
		63839D16194791EE00312AFB /* Supporting Files */ = {
			isa = PBXGroup;
			children = (
				63839D17194791EE00312AFB /* Webby-Info.plist */,
				63839D18194791EE00312AFB /* InfoPlist.strings */,
				63839D1B194791EE00312AFB /* main.m */,
				63839D1D194791EE00312AFB /* Webby-Prefix.pch */,
			);
			name = "Supporting Files";
			sourceTree = "<group>";
		};
		63839D34194791EE00312AFB /* WebbyTests */ = {
			isa = PBXGroup;
			children = (
				63839D3A194791EE00312AFB /* WebbyTests.m */,
				63839D35194791EE00312AFB /* Supporting Files */,
			);
			path = WebbyTests;
			sourceTree = "<group>";
		};
		63839D35194791EE00312AFB /* Supporting Files */ = {
			isa = PBXGroup;
			children = (
				63839D36194791EE00312AFB /* WebbyTests-Info.plist */,
				63839D37194791EE00312AFB /* InfoPlist.strings */,
			);
			name = "Supporting Files";
			sourceTree = "<group>";
		};
/* End PBXGroup section */

/* Begin PBXNativeTarget section */
		63839D0B194791EE00312AFB /* Webby */ = {
			isa = PBXNativeTarget;
			buildConfigurationList = 63839D3E194791EE00312AFB /* Build configuration list for PBXNativeTarget "Webby" */;
			buildPhases = (
				63839D08194791EE00312AFB /* Sources */,
				63839D09194791EE00312AFB /* Frameworks */,
				63839D0A194791EE00312AFB /* Resources */,
			);
			buildRules = (
			);
			dependencies = (
			);
			name = Webby;
			productName = Webby;
			productReference = 63839D0C194791EE00312AFB /* Webby.app */;
			productType = "com.apple.product-type.application";
		};
		63839D2C194791EE00312AFB /* WebbyTests */ = {
			isa = PBXNativeTarget;
			buildConfigurationList = 63839D41194791EE00312AFB /* Build configuration list for PBXNativeTarget "WebbyTests" */;
			buildPhases = (
				63839D29194791EE00312AFB /* Sources */,
				63839D2A194791EE00312AFB /* Frameworks */,
				63839D2B194791EE00312AFB /* Resources */,
			);
			buildRules = (
			);
			dependencies = (
				63839D33194791EE00312AFB /* PBXTargetDependency */,
			);
			name = WebbyTests;
			productName = WebbyTests;
			productReference = 63839D2D194791EE00312AFB /* WebbyTests.xctest */;
			productType = "com.apple.product-type.bundle.unit-test";
		};
/* End PBXNativeTarget section */

/* Begin PBXProject section */
		63839D04194791EE00312AFB /* Project object */ = {
			isa = PBXProject;
			attributes = {
				CLASSPREFIX = SBS;
				LastUpgradeCheck = 0510;
				ORGANIZATIONNAME = "David Groulx";
				TargetAttributes = {
					63839D2C194791EE00312AFB = {
						TestTargetID = 63839D0B194791EE00312AFB;
					};
				};
			};
			buildConfigurationList = 63839D07194791EE00312AFB /* Build configuration list for PBXProject "Webby" */;
			compatibilityVersion = "Xcode 3.2";
			developmentRegion = English;
			hasScannedForEncodings = 0;
			knownRegions = (
				en,
				Base,
			);
			mainGroup = 63839D03194791EE00312AFB;
			productRefGroup = 63839D0D194791EE00312AFB /* Products */;
			projectDirPath = "";
			projectRoot = "";
			targets = (
				63839D0B194791EE00312AFB /* Webby */,
				63839D2C194791EE00312AFB /* WebbyTests */,
			);
		};
/* End PBXProject section */

/* Begin PBXResourcesBuildPhase section */
		63839D0A194791EE00312AFB /* Resources */ = {
			isa = PBXResourcesBuildPhase;
			buildActionMask = 2147483647;
			files = (
				63839D28194791EE00312AFB /* Images.xcassets in Resources */,
				63839D1A194791EE00312AFB /* InfoPlist.strings in Resources */,
				63839D23194791EE00312AFB /* Main.storyboard in Resources */,
			);
			runOnlyForDeploymentPostprocessing = 0;
		};
		63839D2B194791EE00312AFB /* Resources */ = {
			isa = PBXResourcesBuildPhase;
			buildActionMask = 2147483647;
			files = (
				63839D39194791EE00312AFB /* InfoPlist.strings in Resources */,
			);
			runOnlyForDeploymentPostprocessing = 0;
		};
/* End PBXResourcesBuildPhase section */

/* Begin PBXSourcesBuildPhase section */
		63839D08194791EE00312AFB /* Sources */ = {
			isa = PBXSourcesBuildPhase;
			buildActionMask = 2147483647;
			files = (
				63839D1C194791EE00312AFB /* main.m in Sources */,
				63839D26194791EE00312AFB /* SBSViewController.m in Sources */,
				63839D20194791EE00312AFB /* SBSAppDelegate.m in Sources */,
			);
			runOnlyForDeploymentPostprocessing = 0;
		};
		63839D29194791EE00312AFB /* Sources */ = {
			isa = PBXSourcesBuildPhase;
			buildActionMask = 2147483647;
			files = (
				63839D3B194791EE00312AFB /* WebbyTests.m in Sources */,
			);
			runOnlyForDeploymentPostprocessing = 0;
		};
/* End PBXSourcesBuildPhase section */

/* Begin PBXTargetDependency section */
		63839D33194791EE00312AFB /* PBXTargetDependency */ = {
			isa = PBXTargetDependency;
			target = 63839D0B194791EE00312AFB /* Webby */;
			targetProxy = 63839D32194791EE00312AFB /* PBXContainerItemProxy */;
		};
/* End PBXTargetDependency section */

/* Begin PBXVariantGroup section */
		63839D18194791EE00312AFB /* InfoPlist.strings */ = {
			isa = PBXVariantGroup;
			children = (
				63839D19194791EE00312AFB /* en */,
			);
			name = InfoPlist.strings;
			sourceTree = "<group>";
		};
		63839D21194791EE00312AFB /* Main.storyboard */ = {
			isa = PBXVariantGroup;
			children = (
				63839D22194791EE00312AFB /* Base */,
			);
			name = Main.storyboard;
			sourceTree = "<group>";
		};
		63839D37194791EE00312AFB /* InfoPlist.strings */ = {
			isa = PBXVariantGroup;
			children = (
				63839D38194791EE00312AFB /* en */,
			);
			name = InfoPlist.strings;
			sourceTree = "<group>";
		};
/* End PBXVariantGroup section */

/* Begin XCBuildConfiguration section */
		63839D3C194791EE00312AFB /* Debug */ = {
			isa = XCBuildConfiguration;
			buildSettings = {
				ALWAYS_SEARCH_USER_PATHS = NO;
				CLANG_CXX_LANGUAGE_STANDARD = "gnu++0x";
				CLANG_CXX_LIBRARY = "libc++";
				CLANG_ENABLE_MODULES = YES;
				CLANG_ENABLE_OBJC_ARC = YES;
				CLANG_WARN_BOOL_CONVERSION = YES;
				CLANG_WARN_CONSTANT_CONVERSION = YES;
				CLANG_WARN_DIRECT_OBJC_ISA_USAGE = YES_ERROR;
				CLANG_WARN_EMPTY_BODY = YES;
				CLANG_WARN_ENUM_CONVERSION = YES;
				CLANG_WARN_INT_CONVERSION = YES;
				CLANG_WARN_OBJC_ROOT_CLASS = YES_ERROR;
				CLANG_WARN__DUPLICATE_METHOD_MATCH = YES;
				"CODE_SIGN_IDENTITY[sdk=iphoneos*]" = "iPhone Developer";
				COPY_PHASE_STRIP = NO;
				GCC_C_LANGUAGE_STANDARD = gnu99;
				GCC_DYNAMIC_NO_PIC = NO;
				GCC_OPTIMIZATION_LEVEL = 0;
				GCC_PREPROCESSOR_DEFINITIONS = (
					"DEBUG=1",
					"$(inherited)",
				);
				GCC_SYMBOLS_PRIVATE_EXTERN = NO;
				GCC_WARN_64_TO_32_BIT_CONVERSION = YES;
				GCC_WARN_ABOUT_RETURN_TYPE = YES_ERROR;
				GCC_WARN_UNDECLARED_SELECTOR = YES;
				GCC_WARN_UNINITIALIZED_AUTOS = YES_AGGRESSIVE;
				GCC_WARN_UNUSED_FUNCTION = YES;
				GCC_WARN_UNUSED_VARIABLE = YES;
				IPHONEOS_DEPLOYMENT_TARGET = 7.1;
				ONLY_ACTIVE_ARCH = YES;
				SDKROOT = iphoneos;
			};
			name = Debug;
		};
		63839D3D194791EE00312AFB /* Release */ = {
			isa = XCBuildConfiguration;
			buildSettings = {
				ALWAYS_SEARCH_USER_PATHS = NO;
				CLANG_CXX_LANGUAGE_STANDARD = "gnu++0x";
				CLANG_CXX_LIBRARY = "libc++";
				CLANG_ENABLE_MODULES = YES;
				CLANG_ENABLE_OBJC_ARC = YES;
				CLANG_WARN_BOOL_CONVERSION = YES;
				CLANG_WARN_CONSTANT_CONVERSION = YES;
				CLANG_WARN_DIRECT_OBJC_ISA_USAGE = YES_ERROR;
				CLANG_WARN_EMPTY_BODY = YES;
				CLANG_WARN_ENUM_CONVERSION = YES;
				CLANG_WARN_INT_CONVERSION = YES;
				CLANG_WARN_OBJC_ROOT_CLASS = YES_ERROR;
				CLANG_WARN__DUPLICATE_METHOD_MATCH = YES;
				"CODE_SIGN_IDENTITY[sdk=iphoneos*]" = "iPhone Developer";
				COPY_PHASE_STRIP = YES;
				ENABLE_NS_ASSERTIONS = NO;
				GCC_C_LANGUAGE_STANDARD = gnu99;
				GCC_WARN_64_TO_32_BIT_CONVERSION = YES;
				GCC_WARN_ABOUT_RETURN_TYPE = YES_ERROR;
				GCC_WARN_UNDECLARED_SELECTOR = YES;
				GCC_WARN_UNINITIALIZED_AUTOS = YES_AGGRESSIVE;
				GCC_WARN_UNUSED_FUNCTION = YES;
				GCC_WARN_UNUSED_VARIABLE = YES;
				IPHONEOS_DEPLOYMENT_TARGET = 7.1;
				SDKROOT = iphoneos;
				VALIDATE_PRODUCT = YES;
			};
			name = Release;
		};
		63839D3F194791EE00312AFB /* Debug */ = {
			isa = XCBuildConfiguration;
			buildSettings = {
				ASSETCATALOG_COMPILER_APPICON_NAME = AppIcon;
				ASSETCATALOG_COMPILER_LAUNCHIMAGE_NAME = LaunchImage;
				GCC_PRECOMPILE_PREFIX_HEADER = YES;
				GCC_PREFIX_HEADER = "Webby/Webby-Prefix.pch";
				INFOPLIST_FILE = "Webby/Webby-Info.plist";
				PRODUCT_NAME = "$(TARGET_NAME)";
				WRAPPER_EXTENSION = app;
			};
			name = Debug;
		};
		63839D40194791EE00312AFB /* Release */ = {
			isa = XCBuildConfiguration;
			buildSettings = {
				ASSETCATALOG_COMPILER_APPICON_NAME = AppIcon;
				ASSETCATALOG_COMPILER_LAUNCHIMAGE_NAME = LaunchImage;
				GCC_PRECOMPILE_PREFIX_HEADER = YES;
				GCC_PREFIX_HEADER = "Webby/Webby-Prefix.pch";
				INFOPLIST_FILE = "Webby/Webby-Info.plist";
				PRODUCT_NAME = "$(TARGET_NAME)";
				WRAPPER_EXTENSION = app;
			};
			name = Release;
		};
		63839D42194791EE00312AFB /* Debug */ = {
			isa = XCBuildConfiguration;
			buildSettings = {
				BUNDLE_LOADER = "$(BUILT_PRODUCTS_DIR)/Webby.app/Webby";
				FRAMEWORK_SEARCH_PATHS = (
					"$(SDKROOT)/Developer/Library/Frameworks",
					"$(inherited)",
					"$(DEVELOPER_FRAMEWORKS_DIR)",
				);
				GCC_PRECOMPILE_PREFIX_HEADER = YES;
				GCC_PREFIX_HEADER = "Webby/Webby-Prefix.pch";
				GCC_PREPROCESSOR_DEFINITIONS = (
					"DEBUG=1",
					"$(inherited)",
				);
				INFOPLIST_FILE = "WebbyTests/WebbyTests-Info.plist";
				PRODUCT_NAME = "$(TARGET_NAME)";
				TEST_HOST = "$(BUNDLE_LOADER)";
				WRAPPER_EXTENSION = xctest;
			};
			name = Debug;
		};
		63839D43194791EE00312AFB /* Release */ = {
			isa = XCBuildConfiguration;
			buildSettings = {
				BUNDLE_LOADER = "$(BUILT_PRODUCTS_DIR)/Webby.app/Webby";
				FRAMEWORK_SEARCH_PATHS = (
					"$(SDKROOT)/Developer/Library/Frameworks",
					"$(inherited)",
					"$(DEVELOPER_FRAMEWORKS_DIR)",
				);
				GCC_PRECOMPILE_PREFIX_HEADER = YES;
				GCC_PREFIX_HEADER = "Webby/Webby-Prefix.pch";
				INFOPLIST_FILE = "WebbyTests/WebbyTests-Info.plist";
				PRODUCT_NAME = "$(TARGET_NAME)";
				TEST_HOST = "$(BUNDLE_LOADER)";
				WRAPPER_EXTENSION = xctest;
			};
			name = Release;
		};
/* End XCBuildConfiguration section */

/* Begin XCConfigurationList section */
		63839D07194791EE00312AFB /* Build configuration list for PBXProject "Webby" */ = {
			isa = XCConfigurationList;
			buildConfigurations = (
				63839D3C194791EE00312AFB /* Debug */,
				63839D3D194791EE00312AFB /* Release */,
			);
			defaultConfigurationIsVisible = 0;
			defaultConfigurationName = Release;
		};
		63839D3E194791EE00312AFB /* Build configuration list for PBXNativeTarget "Webby" */ = {
			isa = XCConfigurationList;
			buildConfigurations = (
				63839D3F194791EE00312AFB /* Debug */,
				63839D40194791EE00312AFB /* Release */,
			);
			defaultConfigurationIsVisible = 0;
		};
		63839D41194791EE00312AFB /* Build configuration list for PBXNativeTarget "WebbyTests" */ = {
			isa = XCConfigurationList;
			buildConfigurations = (
				63839D42194791EE00312AFB /* Debug */,
				63839D43194791EE00312AFB /* Release */,
			);
			defaultConfigurationIsVisible = 0;
		};
/* End XCConfigurationList section */
	};
	rootObject = 63839D04194791EE00312AFB /* Project object */;
}
